# THIS IS AN AUTOGENERATED FILE. DO NOT EDIT THIS FILE DIRECTLY.
# yarn lockfile v1


alert-node@^2.1.2:
  version "2.1.2"
  resolved "https://registry.yarnpkg.com/alert-node/-/alert-node-2.1.2.tgz#40c7d0f3236658f61931f85f741795dce49628e3"
  integrity sha512-ZN1uztxhQCSEYbAxpjbzeL14z/ieOortglCcmHha/l5S+q8Lm5ef2LbmKV+qRqD/oLFG+5GVnT92pox4wqaz3Q==
